---
lockVersion: 1.0.0
dependencies:
  codeql/dataflow:
    version: 2.0.8
  codeql/mad:
    version: 1.0.24
  codeql/python-all:
    version: 4.0.8
  codeql/python-queries:
    version: 1.5.1
  codeql/regex:
    version: 1.0.24
  codeql/ssa:
    version: 2.0.0
  codeql/suite-helpers:
    version: 1.0.24
  codeql/threat-models:
    version: 1.0.24
  codeql/tutorial:
    version: 1.0.24
  codeql/typetracking:
    version: 2.0.8
  codeql/util:
    version: 2.0.11
  codeql/xml:
    version: 1.0.24
  codeql/yaml:
    version: 1.0.24
compiled: false
