---
lockVersion: 1.0.0
dependencies:
  codeql/dataflow:
    version: 0.0.3
  codeql/mad:
    version: 0.1.4
  codeql/python-all:
    version: 0.10.4
  codeql/python-queries:
    version: 0.8.4
  codeql/regex:
    version: 0.1.4
  codeql/ssa:
    version: 0.1.4
  codeql/suite-helpers:
    version: 0.6.4
  codeql/tutorial:
    version: 0.1.4
  codeql/util:
    version: 0.1.4
  codeql/yaml:
    version: 0.1.4
compiled: false
