---
lockVersion: 1.0.0
dependencies:
  codeql/dataflow:
    version: 0.0.3
  codeql/java-all:
    version: 0.7.4
  codeql/mad:
    version: 0.1.4
  codeql/regex:
    version: 0.1.4
  codeql/ssa:
    version: 0.1.4
  codeql/tutorial:
    version: 0.1.4
  codeql/typetracking:
    version: 0.1.4
  codeql/util:
    version: 0.1.4
compiled: false
