---
lockVersion: 1.0.0
dependencies:
  codeql/controlflow:
    version: 2.0.41
  codeql/dataflow:
    version: 2.1.13
  codeql/java-all:
    version: 9.3.0
  codeql/mad:
    version: 1.0.57
  codeql/quantum:
    version: 0.0.35
  codeql/rangeanalysis:
    version: 1.0.57
  codeql/regex:
    version: 1.0.57
  codeql/ssa:
    version: 2.0.33
  codeql/threat-models:
    version: 1.0.57
  codeql/tutorial:
    version: 1.0.57
  codeql/typeflow:
    version: 1.0.57
  codeql/typetracking:
    version: 2.0.41
  codeql/util:
    version: 2.0.44
  codeql/xml:
    version: 1.0.57
compiled: false
