---
lockVersion: 1.0.0
dependencies:
  codeql/controlflow:
    version: 2.0.43
  codeql/csharp-all:
    version: 7.4.0
  codeql/dataflow:
    version: 2.1.15
  codeql/mad:
    version: 1.0.59
  codeql/rangeanalysis:
    version: 1.0.59
  codeql/ssa:
    version: 2.0.35
  codeql/threat-models:
    version: 1.0.59
  codeql/tutorial:
    version: 1.0.59
  codeql/typetracking:
    version: 2.0.43
  codeql/util:
    version: 2.0.46
  codeql/xml:
    version: 1.0.59
compiled: false
