---
lockVersion: 1.0.0
dependencies:
  codeql/concepts:
    version: 0.0.28
  codeql/controlflow:
    version: 2.0.38
  codeql/dataflow:
    version: 2.1.10
  codeql/javascript-all:
    version: 2.8.2
  codeql/mad:
    version: 1.0.54
  codeql/regex:
    version: 1.0.54
  codeql/ssa:
    version: 2.0.30
  codeql/threat-models:
    version: 1.0.54
  codeql/tutorial:
    version: 1.0.54
  codeql/typetracking:
    version: 2.0.38
  codeql/util:
    version: 2.0.41
  codeql/xml:
    version: 1.0.54
  codeql/yaml:
    version: 1.0.54
compiled: false
