---
lockVersion: 1.0.0
dependencies:
  codeql/concepts:
    version: 0.0.3
  codeql/dataflow:
    version: 2.0.13
  codeql/javascript-all:
    version: 2.6.9
  codeql/mad:
    version: 1.0.29
  codeql/regex:
    version: 1.0.29
  codeql/ssa:
    version: 2.0.5
  codeql/threat-models:
    version: 1.0.29
  codeql/tutorial:
    version: 1.0.29
  codeql/typetracking:
    version: 2.0.13
  codeql/util:
    version: 2.0.16
  codeql/xml:
    version: 1.0.29
  codeql/yaml:
    version: 1.0.29
compiled: false
