---
lockVersion: 1.0.0
dependencies:
  codeql/concepts:
    version: 0.0.25
  codeql/controlflow:
    version: 2.0.35
  codeql/dataflow:
    version: 2.1.7
  codeql/mad:
    version: 1.0.51
  codeql/regex:
    version: 1.0.51
  codeql/ruby-all:
    version: 5.2.2
  codeql/ruby-queries:
    version: 1.6.4
  codeql/ssa:
    version: 2.0.27
  codeql/suite-helpers:
    version: 1.0.51
  codeql/tutorial:
    version: 1.0.51
  codeql/typetracking:
    version: 2.0.35
  codeql/util:
    version: 2.0.38
compiled: false
