---
lockVersion: 1.0.0
dependencies:
  codeql/controlflow:
    version: 2.0.8
  codeql/dataflow:
    version: 2.0.8
  codeql/mad:
    version: 1.0.24
  codeql/regex:
    version: 1.0.24
  codeql/ruby-all:
    version: 4.1.7
  codeql/ssa:
    version: 2.0.0
  codeql/tutorial:
    version: 1.0.24
  codeql/typetracking:
    version: 2.0.8
  codeql/util:
    version: 2.0.11
compiled: false
