---
lockVersion: 1.0.0
dependencies:
  codeql/concepts:
    version: 0.0.17
  codeql/controlflow:
    version: 2.0.27
  codeql/dataflow:
    version: 2.0.27
  codeql/javascript-all:
    version: 2.6.23
  codeql/mad:
    version: 1.0.43
  codeql/regex:
    version: 1.0.43
  codeql/ssa:
    version: 2.0.19
  codeql/threat-models:
    version: 1.0.43
  codeql/tutorial:
    version: 1.0.43
  codeql/typetracking:
    version: 2.0.27
  codeql/util:
    version: 2.0.30
  codeql/xml:
    version: 1.0.43
  codeql/yaml:
    version: 1.0.43
compiled: false
