---
lockVersion: 1.0.0
dependencies:
  codeql/concepts:
    version: 0.0.32
  codeql/controlflow:
    version: 2.0.42
  codeql/dataflow:
    version: 2.1.14
  codeql/javascript-all:
    version: 2.10.2
  codeql/mad:
    version: 1.0.58
  codeql/regex:
    version: 1.0.58
  codeql/ssa:
    version: 2.0.34
  codeql/threat-models:
    version: 1.0.58
  codeql/tutorial:
    version: 1.0.58
  codeql/typetracking:
    version: 2.0.42
  codeql/util:
    version: 2.0.45
  codeql/xml:
    version: 1.0.58
  codeql/yaml:
    version: 1.0.58
compiled: false
